
Microsoft Visual Studio Solution File, Format Version 12.00
# Visual Studio Version 16
VisualStudioVersion = 16.0.30524.135
MinimumVisualStudioVersion = 10.0.40219.1
Project("{9A19103F-16F7-4668-BE54-9A1E7A4F7556}") = "Husky.Generator", "Husky.Generator\Husky.Generator.csproj", "{56592466-FDF0-4BBC-ADBA-5DCB57D5A510}"
EndProject
Project("{9A19103F-16F7-4668-BE54-9A1E7A4F7556}") = "Husky.Core", "Husky.Core\Husky.Core.csproj", "{23047776-BB52-45B3-A7C9-C7B568ABE689}"
EndProject
Project("{9A19103F-16F7-4668-BE54-9A1E7A4F7556}") = "HuskyApp.Installer", "HuskyApp.Installer\HuskyApp.Installer.csproj", "{1960BCD2-A6A7-4D8D-9E09-8E6F8BBCB8DB}"
EndProject
Project("{9A19103F-16F7-4668-BE54-9A1E7A4F7556}") = "HuskyApp", "HuskyApp\HuskyApp.csproj", "{E0879CE9-BBE3-4308-8C1B-6E3E8FE6DC56}"
EndProject
Project("{2150E333-8FDC-42A3-9474-1A3956D46DE8}") = "Tests", "Tests", "{D57AA5BC-E699-4A4D-9EF4-6A96FA71328D}"
EndProject
Project("{9A19103F-16F7-4668-BE54-9A1E7A4F7556}") = "Husky.Generator.Tests", "Husky.Generator.Tests\Husky.Generator.Tests.csproj", "{558496F9-FF37-4715-AB23-5C87BABB39DA}"
EndProject
Project("{9A19103F-16F7-4668-BE54-9A1E7A4F7556}") = "Husky.Tasks", "Husky.Tasks\Husky.Tasks.csproj", "{E1A5F449-FB16-4FB7-B2A6-2C43F3BDFF75}"
EndProject
Project("{9A19103F-16F7-4668-BE54-9A1E7A4F7556}") = "Husky.Installer", "Husky.Installer\Husky.Installer.csproj", "{1D6F3CE4-75D9-4BA0-B7DE-86AA41918AA7}"
EndProject
Project("{9A19103F-16F7-4668-BE54-9A1E7A4F7556}") = "Husky.Services", "Husky.Services\Husky.Services.csproj", "{007C9861-5BE0-462A-9C02-E5DFEBCAAC1F}"
EndProject
Project("{2150E333-8FDC-42A3-9474-1A3956D46DE8}") = "App", "App", "{39154A80-2875-49CD-BFAE-6B053720304E}"
EndProject
Project("{9A19103F-16F7-4668-BE54-9A1E7A4F7556}") = "Husky.Services.Tests", "Husky.Services.Tests\Husky.Services.Tests.csproj", "{341228F1-7DCF-4CC7-9CC7-BE70A797102D}"
EndProject
Project("{9A19103F-16F7-4668-BE54-9A1E7A4F7556}") = "Husky.Installer.Tests", "Husky.Installer.Tests\Husky.Installer.Tests.csproj", "{096E1630-C391-48FD-A048-411CE14D1BBE}"
EndProject
Project("{9A19103F-16F7-4668-BE54-9A1E7A4F7556}") = "Husky.Tasks.Tests", "Husky.Tasks.Tests\Husky.Tasks.Tests.csproj", "{2725330E-37C1-48B7-BE5E-BF0F955C6989}"
EndProject
Project("{9A19103F-16F7-4668-BE54-9A1E7A4F7556}") = "Husky.Core.Tests", "Husky.Core.Tests\Husky.Core.Tests.csproj", "{EAE3D5E3-4FED-4735-880F-DAF5EE7D3418}"
EndProject
Project("{9A19103F-16F7-4668-BE54-9A1E7A4F7556}") = "Husky.Dependencies", "Husky.Dependencies\Husky.Dependencies.csproj", "{E7D1F2A9-32F0-476F-8654-6AA3D3534D11}"
EndProject
Project("{2150E333-8FDC-42A3-9474-1A3956D46DE8}") = "Solution Items", "Solution Items", "{638500B6-2CC1-439C-AE5F-BBE022407D0F}"
	ProjectSection(SolutionItems) = preProject
		Directory.Build.props = Directory.Build.props
	EndProjectSection
EndProject
Project("{9A19103F-16F7-4668-BE54-9A1E7A4F7556}") = "Husky.Internal.Shared", "Husky.Internal.Shared\Husky.Internal.Shared.csproj", "{FB13561C-9E0D-4E40-86BC-6E9FE75DBD79}"
EndProject
Project("{9A19103F-16F7-4668-BE54-9A1E7A4F7556}") = "Husky.Dependencies.Tests", "Husky.Dependencies.Tests\Husky.Dependencies.Tests.csproj", "{956D3B14-0D6D-4363-9B77-E4EE8ABC03B4}"
EndProject
Project("{9A19103F-16F7-4668-BE54-9A1E7A4F7556}") = "Husky.Internal.Shared.Tests", "Husky.Internal.Shared.Tests\Husky.Internal.Shared.Tests.csproj", "{6F78A485-E765-4401-827F-FA445F8EA164}"
EndProject
Project("{9A19103F-16F7-4668-BE54-9A1E7A4F7556}") = "Husky.Tests.Sdk", "Husky.Tests.Sdk\Husky.Tests.Sdk.csproj", "{F109EA7E-ECBB-44D6-9A6B-9FCCC4FBB818}"
EndProject
Project("{2150E333-8FDC-42A3-9474-1A3956D46DE8}") = "Tests", "Tests", "{82D38A89-A38F-43DB-8BE6-A46A101D13C1}"
EndProject
Project("{9A19103F-16F7-4668-BE54-9A1E7A4F7556}") = "HuskyApp.Installer.Tests", "HuskyApp.Installer.Tests\HuskyApp.Installer.Tests.csproj", "{22A98317-35F4-4137-9A81-5601ABA11D55}"
EndProject
Project("{9A19103F-16F7-4668-BE54-9A1E7A4F7556}") = "Husky.Tests.Adapter", "Husky.Tests.Adapter\src\NUnitTestAdapter\Husky.Tests.Adapter.csproj", "{3AC51B03-4866-4D37-89A7-385CECECEF1C}"
EndProject
Global
	GlobalSection(SolutionConfigurationPlatforms) = preSolution
		Debug|Any CPU = Debug|Any CPU
		Release|Any CPU = Release|Any CPU
	EndGlobalSection
	GlobalSection(ProjectConfigurationPlatforms) = postSolution
		{56592466-FDF0-4BBC-ADBA-5DCB57D5A510}.Debug|Any CPU.ActiveCfg = Debug|Any CPU
		{56592466-FDF0-4BBC-ADBA-5DCB57D5A510}.Debug|Any CPU.Build.0 = Debug|Any CPU
		{56592466-FDF0-4BBC-ADBA-5DCB57D5A510}.Release|Any CPU.ActiveCfg = Release|Any CPU
		{56592466-FDF0-4BBC-ADBA-5DCB57D5A510}.Release|Any CPU.Build.0 = Release|Any CPU
		{23047776-BB52-45B3-A7C9-C7B568ABE689}.Debug|Any CPU.ActiveCfg = Debug|Any CPU
		{23047776-BB52-45B3-A7C9-C7B568ABE689}.Debug|Any CPU.Build.0 = Debug|Any CPU
		{23047776-BB52-45B3-A7C9-C7B568ABE689}.Release|Any CPU.ActiveCfg = Release|Any CPU
		{23047776-BB52-45B3-A7C9-C7B568ABE689}.Release|Any CPU.Build.0 = Release|Any CPU
		{1960BCD2-A6A7-4D8D-9E09-8E6F8BBCB8DB}.Debug|Any CPU.ActiveCfg = Debug|Any CPU
		{1960BCD2-A6A7-4D8D-9E09-8E6F8BBCB8DB}.Debug|Any CPU.Build.0 = Debug|Any CPU
		{1960BCD2-A6A7-4D8D-9E09-8E6F8BBCB8DB}.Release|Any CPU.ActiveCfg = Release|Any CPU
		{1960BCD2-A6A7-4D8D-9E09-8E6F8BBCB8DB}.Release|Any CPU.Build.0 = Release|Any CPU
		{E0879CE9-BBE3-4308-8C1B-6E3E8FE6DC56}.Debug|Any CPU.ActiveCfg = Debug|Any CPU
		{E0879CE9-BBE3-4308-8C1B-6E3E8FE6DC56}.Debug|Any CPU.Build.0 = Debug|Any CPU
		{E0879CE9-BBE3-4308-8C1B-6E3E8FE6DC56}.Release|Any CPU.ActiveCfg = Release|Any CPU
		{E0879CE9-BBE3-4308-8C1B-6E3E8FE6DC56}.Release|Any CPU.Build.0 = Release|Any CPU
		{558496F9-FF37-4715-AB23-5C87BABB39DA}.Debug|Any CPU.ActiveCfg = Debug|Any CPU
		{558496F9-FF37-4715-AB23-5C87BABB39DA}.Debug|Any CPU.Build.0 = Debug|Any CPU
		{558496F9-FF37-4715-AB23-5C87BABB39DA}.Release|Any CPU.ActiveCfg = Release|Any CPU
		{558496F9-FF37-4715-AB23-5C87BABB39DA}.Release|Any CPU.Build.0 = Release|Any CPU
		{E1A5F449-FB16-4FB7-B2A6-2C43F3BDFF75}.Debug|Any CPU.ActiveCfg = Debug|Any CPU
		{E1A5F449-FB16-4FB7-B2A6-2C43F3BDFF75}.Debug|Any CPU.Build.0 = Debug|Any CPU
		{E1A5F449-FB16-4FB7-B2A6-2C43F3BDFF75}.Release|Any CPU.ActiveCfg = Release|Any CPU
		{E1A5F449-FB16-4FB7-B2A6-2C43F3BDFF75}.Release|Any CPU.Build.0 = Release|Any CPU
		{1D6F3CE4-75D9-4BA0-B7DE-86AA41918AA7}.Debug|Any CPU.ActiveCfg = Debug|Any CPU
		{1D6F3CE4-75D9-4BA0-B7DE-86AA41918AA7}.Debug|Any CPU.Build.0 = Debug|Any CPU
		{1D6F3CE4-75D9-4BA0-B7DE-86AA41918AA7}.Release|Any CPU.ActiveCfg = Release|Any CPU
		{1D6F3CE4-75D9-4BA0-B7DE-86AA41918AA7}.Release|Any CPU.Build.0 = Release|Any CPU
		{007C9861-5BE0-462A-9C02-E5DFEBCAAC1F}.Debug|Any CPU.ActiveCfg = Debug|Any CPU
		{007C9861-5BE0-462A-9C02-E5DFEBCAAC1F}.Debug|Any CPU.Build.0 = Debug|Any CPU
		{007C9861-5BE0-462A-9C02-E5DFEBCAAC1F}.Release|Any CPU.ActiveCfg = Release|Any CPU
		{007C9861-5BE0-462A-9C02-E5DFEBCAAC1F}.Release|Any CPU.Build.0 = Release|Any CPU
		{341228F1-7DCF-4CC7-9CC7-BE70A797102D}.Debug|Any CPU.ActiveCfg = Debug|Any CPU
		{341228F1-7DCF-4CC7-9CC7-BE70A797102D}.Debug|Any CPU.Build.0 = Debug|Any CPU
		{341228F1-7DCF-4CC7-9CC7-BE70A797102D}.Release|Any CPU.ActiveCfg = Release|Any CPU
		{341228F1-7DCF-4CC7-9CC7-BE70A797102D}.Release|Any CPU.Build.0 = Release|Any CPU
		{096E1630-C391-48FD-A048-411CE14D1BBE}.Debug|Any CPU.ActiveCfg = Debug|Any CPU
		{096E1630-C391-48FD-A048-411CE14D1BBE}.Debug|Any CPU.Build.0 = Debug|Any CPU
		{096E1630-C391-48FD-A048-411CE14D1BBE}.Release|Any CPU.ActiveCfg = Release|Any CPU
		{096E1630-C391-48FD-A048-411CE14D1BBE}.Release|Any CPU.Build.0 = Release|Any CPU
		{2725330E-37C1-48B7-BE5E-BF0F955C6989}.Debug|Any CPU.ActiveCfg = Debug|Any CPU
		{2725330E-37C1-48B7-BE5E-BF0F955C6989}.Debug|Any CPU.Build.0 = Debug|Any CPU
		{2725330E-37C1-48B7-BE5E-BF0F955C6989}.Release|Any CPU.ActiveCfg = Release|Any CPU
		{2725330E-37C1-48B7-BE5E-BF0F955C6989}.Release|Any CPU.Build.0 = Release|Any CPU
		{EAE3D5E3-4FED-4735-880F-DAF5EE7D3418}.Debug|Any CPU.ActiveCfg = Debug|Any CPU
		{EAE3D5E3-4FED-4735-880F-DAF5EE7D3418}.Debug|Any CPU.Build.0 = Debug|Any CPU
		{EAE3D5E3-4FED-4735-880F-DAF5EE7D3418}.Release|Any CPU.ActiveCfg = Release|Any CPU
		{EAE3D5E3-4FED-4735-880F-DAF5EE7D3418}.Release|Any CPU.Build.0 = Release|Any CPU
		{E7D1F2A9-32F0-476F-8654-6AA3D3534D11}.Debug|Any CPU.ActiveCfg = Debug|Any CPU
		{E7D1F2A9-32F0-476F-8654-6AA3D3534D11}.Debug|Any CPU.Build.0 = Debug|Any CPU
		{E7D1F2A9-32F0-476F-8654-6AA3D3534D11}.Release|Any CPU.ActiveCfg = Release|Any CPU
		{E7D1F2A9-32F0-476F-8654-6AA3D3534D11}.Release|Any CPU.Build.0 = Release|Any CPU
		{FB13561C-9E0D-4E40-86BC-6E9FE75DBD79}.Debug|Any CPU.ActiveCfg = Debug|Any CPU
		{FB13561C-9E0D-4E40-86BC-6E9FE75DBD79}.Debug|Any CPU.Build.0 = Debug|Any CPU
		{FB13561C-9E0D-4E40-86BC-6E9FE75DBD79}.Release|Any CPU.ActiveCfg = Release|Any CPU
		{FB13561C-9E0D-4E40-86BC-6E9FE75DBD79}.Release|Any CPU.Build.0 = Release|Any CPU
		{956D3B14-0D6D-4363-9B77-E4EE8ABC03B4}.Debug|Any CPU.ActiveCfg = Debug|Any CPU
		{956D3B14-0D6D-4363-9B77-E4EE8ABC03B4}.Debug|Any CPU.Build.0 = Debug|Any CPU
		{956D3B14-0D6D-4363-9B77-E4EE8ABC03B4}.Release|Any CPU.ActiveCfg = Release|Any CPU
		{956D3B14-0D6D-4363-9B77-E4EE8ABC03B4}.Release|Any CPU.Build.0 = Release|Any CPU
		{6F78A485-E765-4401-827F-FA445F8EA164}.Debug|Any CPU.ActiveCfg = Debug|Any CPU
		{6F78A485-E765-4401-827F-FA445F8EA164}.Debug|Any CPU.Build.0 = Debug|Any CPU
		{6F78A485-E765-4401-827F-FA445F8EA164}.Release|Any CPU.ActiveCfg = Release|Any CPU
		{6F78A485-E765-4401-827F-FA445F8EA164}.Release|Any CPU.Build.0 = Release|Any CPU
		{F109EA7E-ECBB-44D6-9A6B-9FCCC4FBB818}.Debug|Any CPU.ActiveCfg = Debug|Any CPU
		{F109EA7E-ECBB-44D6-9A6B-9FCCC4FBB818}.Debug|Any CPU.Build.0 = Debug|Any CPU
		{F109EA7E-ECBB-44D6-9A6B-9FCCC4FBB818}.Release|Any CPU.ActiveCfg = Release|Any CPU
		{F109EA7E-ECBB-44D6-9A6B-9FCCC4FBB818}.Release|Any CPU.Build.0 = Release|Any CPU
		{22A98317-35F4-4137-9A81-5601ABA11D55}.Debug|Any CPU.ActiveCfg = Debug|Any CPU
		{22A98317-35F4-4137-9A81-5601ABA11D55}.Debug|Any CPU.Build.0 = Debug|Any CPU
		{22A98317-35F4-4137-9A81-5601ABA11D55}.Release|Any CPU.ActiveCfg = Release|Any CPU
		{22A98317-35F4-4137-9A81-5601ABA11D55}.Release|Any CPU.Build.0 = Release|Any CPU
		{3AC51B03-4866-4D37-89A7-385CECECEF1C}.Debug|Any CPU.ActiveCfg = Debug|Any CPU
		{3AC51B03-4866-4D37-89A7-385CECECEF1C}.Debug|Any CPU.Build.0 = Debug|Any CPU
		{3AC51B03-4866-4D37-89A7-385CECECEF1C}.Release|Any CPU.ActiveCfg = Release|Any CPU
		{3AC51B03-4866-4D37-89A7-385CECECEF1C}.Release|Any CPU.Build.0 = Release|Any CPU
	EndGlobalSection
	GlobalSection(SolutionProperties) = preSolution
		HideSolutionNode = FALSE
	EndGlobalSection
	GlobalSection(NestedProjects) = preSolution
		{1960BCD2-A6A7-4D8D-9E09-8E6F8BBCB8DB} = {39154A80-2875-49CD-BFAE-6B053720304E}
		{E0879CE9-BBE3-4308-8C1B-6E3E8FE6DC56} = {39154A80-2875-49CD-BFAE-6B053720304E}
		{558496F9-FF37-4715-AB23-5C87BABB39DA} = {D57AA5BC-E699-4A4D-9EF4-6A96FA71328D}
		{341228F1-7DCF-4CC7-9CC7-BE70A797102D} = {D57AA5BC-E699-4A4D-9EF4-6A96FA71328D}
		{096E1630-C391-48FD-A048-411CE14D1BBE} = {D57AA5BC-E699-4A4D-9EF4-6A96FA71328D}
		{2725330E-37C1-48B7-BE5E-BF0F955C6989} = {D57AA5BC-E699-4A4D-9EF4-6A96FA71328D}
		{EAE3D5E3-4FED-4735-880F-DAF5EE7D3418} = {D57AA5BC-E699-4A4D-9EF4-6A96FA71328D}
		{956D3B14-0D6D-4363-9B77-E4EE8ABC03B4} = {D57AA5BC-E699-4A4D-9EF4-6A96FA71328D}
		{6F78A485-E765-4401-827F-FA445F8EA164} = {D57AA5BC-E699-4A4D-9EF4-6A96FA71328D}
		{82D38A89-A38F-43DB-8BE6-A46A101D13C1} = {39154A80-2875-49CD-BFAE-6B053720304E}
		{22A98317-35F4-4137-9A81-5601ABA11D55} = {82D38A89-A38F-43DB-8BE6-A46A101D13C1}
	EndGlobalSection
	GlobalSection(ExtensibilityGlobals) = postSolution
		SolutionGuid = {2940D1AB-7EB1-4AA8-A491-13596FDE6636}
	EndGlobalSection
EndGlobal
